
Microsoft Visual Studio Solution File, Format Version 12.00
# Visual Studio 14
VisualStudioVersion = 14.0.25420.1
MinimumVisualStudioVersion = 10.0.40219.1
Project("{FAE04EC0-301F-11D3-BF4B-00C04F79EFBC}") = "TemplateProject.Data", "TemplateProject.Data\TemplateProject.Data.csproj", "{747844F0-DA0A-4061-8D2B-71B00EA46A58}"
EndProject
Project("{FAE04EC0-301F-11D3-BF4B-00C04F79EFBC}") = "TemplateProject.UI", "TemplateProject.UI\TemplateProject.UI.csproj", "{4E0AA087-E775-48AA-B46F-C1C41D06F792}"
EndProject
Project("{FAE04EC0-301F-11D3-BF4B-00C04F79EFBC}") = "TemplateProject.WebTests", "TemplateProject.WebTests\TemplateProject.WebTests.csproj", "{8A4DEAA1-1A3D-403C-A432-12846AA94CED}"
EndProject
Project("{FAE04EC0-301F-11D3-BF4B-00C04F79EFBC}") = "TemplateProject.IntegrationTests", "TemplateProject.IntegrationTests\TemplateProject.IntegrationTests.csproj", "{C31996AF-682B-4A8A-8262-EEC256B17799}"
EndProject
Project("{FAE04EC0-301F-11D3-BF4B-00C04F79EFBC}") = "TemplateProject.UI2", "TemplateProject.UI2\TemplateProject.UI2.csproj", "{664587BC-BF0C-4895-895C-1CDE85063AC5}"
EndProject
Global
	GlobalSection(SolutionConfigurationPlatforms) = preSolution
		CRP2|Any CPU = CRP2|Any CPU
		Debug|Any CPU = Debug|Any CPU
		PROD|Any CPU = PROD|Any CPU
		Release|Any CPU = Release|Any CPU
		UAT|Any CPU = UAT|Any CPU
	EndGlobalSection
	GlobalSection(ProjectConfigurationPlatforms) = postSolution
		{747844F0-DA0A-4061-8D2B-71B00EA46A58}.CRP2|Any CPU.ActiveCfg = Release|Any CPU
		{747844F0-DA0A-4061-8D2B-71B00EA46A58}.CRP2|Any CPU.Build.0 = Release|Any CPU
		{747844F0-DA0A-4061-8D2B-71B00EA46A58}.Debug|Any CPU.ActiveCfg = Debug|Any CPU
		{747844F0-DA0A-4061-8D2B-71B00EA46A58}.Debug|Any CPU.Build.0 = Debug|Any CPU
		{747844F0-DA0A-4061-8D2B-71B00EA46A58}.PROD|Any CPU.ActiveCfg = Release|Any CPU
		{747844F0-DA0A-4061-8D2B-71B00EA46A58}.PROD|Any CPU.Build.0 = Release|Any CPU
		{747844F0-DA0A-4061-8D2B-71B00EA46A58}.Release|Any CPU.ActiveCfg = Release|Any CPU
		{747844F0-DA0A-4061-8D2B-71B00EA46A58}.Release|Any CPU.Build.0 = Release|Any CPU
		{747844F0-DA0A-4061-8D2B-71B00EA46A58}.UAT|Any CPU.ActiveCfg = Release|Any CPU
		{747844F0-DA0A-4061-8D2B-71B00EA46A58}.UAT|Any CPU.Build.0 = Release|Any CPU
		{4E0AA087-E775-48AA-B46F-C1C41D06F792}.CRP2|Any CPU.ActiveCfg = Release|Any CPU
		{4E0AA087-E775-48AA-B46F-C1C41D06F792}.CRP2|Any CPU.Build.0 = Release|Any CPU
		{4E0AA087-E775-48AA-B46F-C1C41D06F792}.Debug|Any CPU.ActiveCfg = Debug|Any CPU
		{4E0AA087-E775-48AA-B46F-C1C41D06F792}.Debug|Any CPU.Build.0 = Debug|Any CPU
		{4E0AA087-E775-48AA-B46F-C1C41D06F792}.PROD|Any CPU.ActiveCfg = Release|Any CPU
		{4E0AA087-E775-48AA-B46F-C1C41D06F792}.PROD|Any CPU.Build.0 = Release|Any CPU
		{4E0AA087-E775-48AA-B46F-C1C41D06F792}.Release|Any CPU.ActiveCfg = Release|Any CPU
		{4E0AA087-E775-48AA-B46F-C1C41D06F792}.Release|Any CPU.Build.0 = Release|Any CPU
		{4E0AA087-E775-48AA-B46F-C1C41D06F792}.UAT|Any CPU.ActiveCfg = Release|Any CPU
		{4E0AA087-E775-48AA-B46F-C1C41D06F792}.UAT|Any CPU.Build.0 = Release|Any CPU
		{8A4DEAA1-1A3D-403C-A432-12846AA94CED}.CRP2|Any CPU.ActiveCfg = CRP2|Any CPU
		{8A4DEAA1-1A3D-403C-A432-12846AA94CED}.CRP2|Any CPU.Build.0 = CRP2|Any CPU
		{8A4DEAA1-1A3D-403C-A432-12846AA94CED}.Debug|Any CPU.ActiveCfg = Debug|Any CPU
		{8A4DEAA1-1A3D-403C-A432-12846AA94CED}.Debug|Any CPU.Build.0 = Debug|Any CPU
		{8A4DEAA1-1A3D-403C-A432-12846AA94CED}.PROD|Any CPU.ActiveCfg = PROD|Any CPU
		{8A4DEAA1-1A3D-403C-A432-12846AA94CED}.PROD|Any CPU.Build.0 = PROD|Any CPU
		{8A4DEAA1-1A3D-403C-A432-12846AA94CED}.Release|Any CPU.ActiveCfg = Release|Any CPU
		{8A4DEAA1-1A3D-403C-A432-12846AA94CED}.Release|Any CPU.Build.0 = Release|Any CPU
		{8A4DEAA1-1A3D-403C-A432-12846AA94CED}.UAT|Any CPU.ActiveCfg = UAT|Any CPU
		{8A4DEAA1-1A3D-403C-A432-12846AA94CED}.UAT|Any CPU.Build.0 = UAT|Any CPU
		{C31996AF-682B-4A8A-8262-EEC256B17799}.CRP2|Any CPU.ActiveCfg = CRP2|Any CPU
		{C31996AF-682B-4A8A-8262-EEC256B17799}.CRP2|Any CPU.Build.0 = CRP2|Any CPU
		{C31996AF-682B-4A8A-8262-EEC256B17799}.Debug|Any CPU.ActiveCfg = Debug|Any CPU
		{C31996AF-682B-4A8A-8262-EEC256B17799}.Debug|Any CPU.Build.0 = Debug|Any CPU
		{C31996AF-682B-4A8A-8262-EEC256B17799}.PROD|Any CPU.ActiveCfg = PROD|Any CPU
		{C31996AF-682B-4A8A-8262-EEC256B17799}.PROD|Any CPU.Build.0 = PROD|Any CPU
		{C31996AF-682B-4A8A-8262-EEC256B17799}.Release|Any CPU.ActiveCfg = Release|Any CPU
		{C31996AF-682B-4A8A-8262-EEC256B17799}.Release|Any CPU.Build.0 = Release|Any CPU
		{C31996AF-682B-4A8A-8262-EEC256B17799}.UAT|Any CPU.ActiveCfg = UAT|Any CPU
		{C31996AF-682B-4A8A-8262-EEC256B17799}.UAT|Any CPU.Build.0 = UAT|Any CPU
		{664587BC-BF0C-4895-895C-1CDE85063AC5}.CRP2|Any CPU.ActiveCfg = Release|Any CPU
		{664587BC-BF0C-4895-895C-1CDE85063AC5}.CRP2|Any CPU.Build.0 = Release|Any CPU
		{664587BC-BF0C-4895-895C-1CDE85063AC5}.Debug|Any CPU.ActiveCfg = Debug|Any CPU
		{664587BC-BF0C-4895-895C-1CDE85063AC5}.Debug|Any CPU.Build.0 = Debug|Any CPU
		{664587BC-BF0C-4895-895C-1CDE85063AC5}.PROD|Any CPU.ActiveCfg = Release|Any CPU
		{664587BC-BF0C-4895-895C-1CDE85063AC5}.PROD|Any CPU.Build.0 = Release|Any CPU
		{664587BC-BF0C-4895-895C-1CDE85063AC5}.Release|Any CPU.ActiveCfg = Release|Any CPU
		{664587BC-BF0C-4895-895C-1CDE85063AC5}.Release|Any CPU.Build.0 = Release|Any CPU
		{664587BC-BF0C-4895-895C-1CDE85063AC5}.UAT|Any CPU.ActiveCfg = Release|Any CPU
		{664587BC-BF0C-4895-895C-1CDE85063AC5}.UAT|Any CPU.Build.0 = Release|Any CPU
	EndGlobalSection
	GlobalSection(SolutionProperties) = preSolution
		HideSolutionNode = FALSE
	EndGlobalSection
EndGlobal
